
Microsoft Visual Studio Solution File, Format Version 12.00
# Visual Studio Version 16
VisualStudioVersion = 16.0.29306.81
MinimumVisualStudioVersion = 10.0.40219.1
Project("{F184B08F-C81C-45F6-A57F-5ABD9991F28F}") = "NEA Maze Game", "NEA Maze Game\NEA Maze Game.vbproj", "{63E5FC72-DB89-42E7-8CA4-5DA3474A64DB}"
EndProject
Global
	GlobalSection(SolutionConfigurationPlatforms) = preSolution
		Debug|Any CPU = Debug|Any CPU
		Release|Any CPU = Release|Any CPU
	EndGlobalSection
	GlobalSection(ProjectConfigurationPlatforms) = postSolution
		{63E5FC72-DB89-42E7-8CA4-5DA3474A64DB}.Debug|Any CPU.ActiveCfg = Debug|Any CPU
		{63E5FC72-DB89-42E7-8CA4-5DA3474A64DB}.Debug|Any CPU.Build.0 = Debug|Any CPU
		{63E5FC72-DB89-42E7-8CA4-5DA3474A64DB}.Release|Any CPU.ActiveCfg = Release|Any CPU
		{63E5FC72-DB89-42E7-8CA4-5DA3474A64DB}.Release|Any CPU.Build.0 = Release|Any CPU
	EndGlobalSection
	GlobalSection(SolutionProperties) = preSolution
		HideSolutionNode = FALSE
	EndGlobalSection
	GlobalSection(ExtensibilityGlobals) = postSolution
		SolutionGuid = {0492D86A-6BBC-4DA5-B38D-5A7C5636BD78}
	EndGlobalSection
EndGlobal
